
Microsoft Visual Studio Solution File, Format Version 12.00
# Visual Studio Version 17
VisualStudioVersion = 17.2.32526.322
MinimumVisualStudioVersion = 10.0.40219.1
Project("{FAE04EC0-301F-11D3-BF4B-00C04F79EFBC}") = "ConsoleApp4", "ConsoleApp4\ConsoleApp4.csproj", "{40CC330C-306B-4542-B53D-2FC9857D273E}"
EndProject
Global
	GlobalSection(SolutionConfigurationPlatforms) = preSolution
		Debug|Any CPU = Debug|Any CPU
		Release|Any CPU = Release|Any CPU
	EndGlobalSection
	GlobalSection(ProjectConfigurationPlatforms) = postSolution
		{40CC330C-306B-4542-B53D-2FC9857D273E}.Debug|Any CPU.ActiveCfg = Debug|Any CPU
		{40CC330C-306B-4542-B53D-2FC9857D273E}.Debug|Any CPU.Build.0 = Debug|Any CPU
		{40CC330C-306B-4542-B53D-2FC9857D273E}.Release|Any CPU.ActiveCfg = Release|Any CPU
		{40CC330C-306B-4542-B53D-2FC9857D273E}.Release|Any CPU.Build.0 = Release|Any CPU
	EndGlobalSection
	GlobalSection(SolutionProperties) = preSolution
		HideSolutionNode = FALSE
	EndGlobalSection
	GlobalSection(ExtensibilityGlobals) = postSolution
		SolutionGuid = {4C11A6BB-CBFF-4449-A775-13D3956E6E4D}
	EndGlobalSection
EndGlobal
